# THIS IS AN AUTOGENERATED FILE. DO NOT EDIT THIS FILE DIRECTLY.
# yarn lockfile v1


create-next-app@^12.0.7:
  version "12.0.7"
  resolved "https://registry.yarnpkg.com/create-next-app/-/create-next-app-12.0.7.tgz#79cf12a1247dd28edd7931076f46780a7fd2be47"
  integrity sha512-TVYs5h9LzPrNVrIXBJT1YEhP0qRJj9otq3e+SpUoqIas+CWxJeAVfLb95I4SlVxdTyjQwS03hIPvh2ZKceu5DA==
